
Microsoft Visual Studio Solution File, Format Version 12.00
# Visual Studio Version 17
VisualStudioVersion = 17.1.32421.90
MinimumVisualStudioVersion = 10.0.40219.1
Project("{FAE04EC0-301F-11D3-BF4B-00C04F79EFBC}") = "MyWebSite", "MyWebSite.csproj", "{31E09431-F85F-4969-8B88-2A769577D3A8}"
EndProject
Global
	GlobalSection(SolutionConfigurationPlatforms) = preSolution
		Debug|Any CPU = Debug|Any CPU
		Release|Any CPU = Release|Any CPU
	EndGlobalSection
	GlobalSection(ProjectConfigurationPlatforms) = postSolution
		{31E09431-F85F-4969-8B88-2A769577D3A8}.Debug|Any CPU.ActiveCfg = Debug|Any CPU
		{31E09431-F85F-4969-8B88-2A769577D3A8}.Debug|Any CPU.Build.0 = Debug|Any CPU
		{31E09431-F85F-4969-8B88-2A769577D3A8}.Release|Any CPU.ActiveCfg = Release|Any CPU
		{31E09431-F85F-4969-8B88-2A769577D3A8}.Release|Any CPU.Build.0 = Release|Any CPU
	EndGlobalSection
	GlobalSection(SolutionProperties) = preSolution
		HideSolutionNode = FALSE
	EndGlobalSection
	GlobalSection(ExtensibilityGlobals) = postSolution
		SolutionGuid = {FA5BD9EB-CEFA-415C-B26A-B6B1CC63470E}
	EndGlobalSection
EndGlobal
